
Microsoft Visual Studio Solution File, Format Version 12.00
# Visual Studio Version 17
VisualStudioVersion = 17.3.32811.315
MinimumVisualStudioVersion = 10.0.40219.1
Project("{FAE04EC0-301F-11D3-BF4B-00C04F79EFBC}") = "CoreAdminLTE", "CoreAdminLTE\CoreAdminLTE.csproj", "{1603B409-A0B5-45E4-9E54-2DDBB1A63B12}"
EndProject
Global
	GlobalSection(SolutionConfigurationPlatforms) = preSolution
		Debug|Any CPU = Debug|Any CPU
		Release|Any CPU = Release|Any CPU
	EndGlobalSection
	GlobalSection(ProjectConfigurationPlatforms) = postSolution
		{1603B409-A0B5-45E4-9E54-2DDBB1A63B12}.Debug|Any CPU.ActiveCfg = Debug|Any CPU
		{1603B409-A0B5-45E4-9E54-2DDBB1A63B12}.Debug|Any CPU.Build.0 = Debug|Any CPU
		{1603B409-A0B5-45E4-9E54-2DDBB1A63B12}.Release|Any CPU.ActiveCfg = Release|Any CPU
		{1603B409-A0B5-45E4-9E54-2DDBB1A63B12}.Release|Any CPU.Build.0 = Release|Any CPU
	EndGlobalSection
	GlobalSection(SolutionProperties) = preSolution
		HideSolutionNode = FALSE
	EndGlobalSection
	GlobalSection(ExtensibilityGlobals) = postSolution
		SolutionGuid = {2BE10696-4F59-4CA7-BBCE-295989AACEB5}
	EndGlobalSection
EndGlobal
